
Microsoft Visual Studio Solution File, Format Version 12.00
# Visual Studio Version 17
VisualStudioVersion = 17.6.33723.286
MinimumVisualStudioVersion = 10.0.40219.1
Project("{FAE04EC0-301F-11D3-BF4B-00C04F79EFBC}") = "DocSolutionsCodeChallenge", "DocSolutionsCodeChallenge\DocSolutionsCodeChallenge.csproj", "{1051AE60-B75A-445D-BD61-EFDD81915F11}"
EndProject
Global
	GlobalSection(SolutionConfigurationPlatforms) = preSolution
		Debug|Any CPU = Debug|Any CPU
		Release|Any CPU = Release|Any CPU
	EndGlobalSection
	GlobalSection(ProjectConfigurationPlatforms) = postSolution
		{1051AE60-B75A-445D-BD61-EFDD81915F11}.Debug|Any CPU.ActiveCfg = Debug|Any CPU
		{1051AE60-B75A-445D-BD61-EFDD81915F11}.Debug|Any CPU.Build.0 = Debug|Any CPU
		{1051AE60-B75A-445D-BD61-EFDD81915F11}.Release|Any CPU.ActiveCfg = Release|Any CPU
		{1051AE60-B75A-445D-BD61-EFDD81915F11}.Release|Any CPU.Build.0 = Release|Any CPU
	EndGlobalSection
	GlobalSection(SolutionProperties) = preSolution
		HideSolutionNode = FALSE
	EndGlobalSection
	GlobalSection(ExtensibilityGlobals) = postSolution
		SolutionGuid = {82EA428A-B68D-42A7-9CA0-FEC0576F587A}
	EndGlobalSection
EndGlobal
